{
    "name": "@moojor224/jstools",
    "version": "1.0.8",
    "lockfileVersion": 3,
    "requires": true,
    "packages": {
        "": {
            "name": "@moojor224/jstools",
            "version": "1.0.8",
            "license": "ISC",
            "devDependencies": {
                "acorn": "^8.12.1",
                "comment-parser": "^1.4.1"
            }
        },
        "node_modules/acorn": {
            "version": "8.12.1",
            "resolved": "https://registry.npmjs.org/acorn/-/acorn-8.12.1.tgz",
            "integrity": "sha512-tcpGyI9zbizT9JbV6oYE477V6mTlXvvi0T0G3SNIYE2apm/G5huBa1+K89VGeovbg+jycCrfhl3ADxErOuO6Jg==",
            "dev": true,
            "bin": {
                "acorn": "bin/acorn"
            },
            "engines": {
                "node": ">=0.4.0"
            }
        },
        "node_modules/comment-parser": {
            "version": "1.4.1",
            "resolved": "https://registry.npmjs.org/comment-parser/-/comment-parser-1.4.1.tgz",
            "integrity": "sha512-buhp5kePrmda3vhc5B9t7pUQXAb2Tnd0qgpkIhPhkHXxJpiPJ11H0ZEU0oBpJ2QztSbzG/ZxMj/CHsYJqRHmyg==",
            "dev": true,
            "engines": {
                "node": ">= 12.0.0"
            }
        }
    }
}
